
Microsoft Visual Studio Solution File, Format Version 12.00
# Visual Studio Version 17
VisualStudioVersion = 17.5.33502.453
MinimumVisualStudioVersion = 10.0.40219.1
Project("{FAE04EC0-301F-11D3-BF4B-00C04F79EFBC}") = "Maui.Controls.BottomSheet", "Maui.Controls.BottomSheet\Maui.Controls.BottomSheet.csproj", "{86B96C58-0B1A-4F31-A7F6-1C25BC47D59F}"
EndProject
Global
	GlobalSection(SolutionConfigurationPlatforms) = preSolution
		Debug|Any CPU = Debug|Any CPU
		Release|Any CPU = Release|Any CPU
	EndGlobalSection
	GlobalSection(ProjectConfigurationPlatforms) = postSolution
		{86B96C58-0B1A-4F31-A7F6-1C25BC47D59F}.Debug|Any CPU.ActiveCfg = Debug|Any CPU
		{86B96C58-0B1A-4F31-A7F6-1C25BC47D59F}.Debug|Any CPU.Build.0 = Debug|Any CPU
		{86B96C58-0B1A-4F31-A7F6-1C25BC47D59F}.Release|Any CPU.ActiveCfg = Release|Any CPU
		{86B96C58-0B1A-4F31-A7F6-1C25BC47D59F}.Release|Any CPU.Build.0 = Release|Any CPU
	EndGlobalSection
	GlobalSection(SolutionProperties) = preSolution
		HideSolutionNode = FALSE
	EndGlobalSection
	GlobalSection(ExtensibilityGlobals) = postSolution
		SolutionGuid = {EBCE8A8C-140C-4A58-AAE1-4AE7993A2455}
	EndGlobalSection
EndGlobal
